
Microsoft Visual Studio Solution File, Format Version 12.00
# Blend for Visual Studio Version 16
VisualStudioVersion = 16.0.30611.23
MinimumVisualStudioVersion = 10.0.40219.1
Project("{FAE04EC0-301F-11D3-BF4B-00C04F79EFBC}") = "Trips_lab03", "Trips_lab03\Trips_lab03.csproj", "{2057F603-7F7B-40C8-BE12-07716E144929}"
EndProject
Global
	GlobalSection(SolutionConfigurationPlatforms) = preSolution
		Debug|Any CPU = Debug|Any CPU
		Release|Any CPU = Release|Any CPU
	EndGlobalSection
	GlobalSection(ProjectConfigurationPlatforms) = postSolution
		{2057F603-7F7B-40C8-BE12-07716E144929}.Debug|Any CPU.ActiveCfg = Debug|Any CPU
		{2057F603-7F7B-40C8-BE12-07716E144929}.Debug|Any CPU.Build.0 = Debug|Any CPU
		{2057F603-7F7B-40C8-BE12-07716E144929}.Release|Any CPU.ActiveCfg = Release|Any CPU
		{2057F603-7F7B-40C8-BE12-07716E144929}.Release|Any CPU.Build.0 = Release|Any CPU
	EndGlobalSection
	GlobalSection(SolutionProperties) = preSolution
		HideSolutionNode = FALSE
	EndGlobalSection
	GlobalSection(ExtensibilityGlobals) = postSolution
		SolutionGuid = {E728EFCE-62A1-4899-9AC1-1060EE49CA3E}
	EndGlobalSection
EndGlobal
