
Microsoft Visual Studio Solution File, Format Version 12.00
# Blend for Visual Studio Version 16
VisualStudioVersion = 16.0.29905.134
MinimumVisualStudioVersion = 10.0.40219.1
Project("{FAE04EC0-301F-11D3-BF4B-00C04F79EFBC}") = "WpfApp1", "WpfApp1\WpfApp1.csproj", "{5E7AF90C-C674-4E40-AED2-96F601D22EE6}"
EndProject
Global
	GlobalSection(SolutionConfigurationPlatforms) = preSolution
		Debug|Any CPU = Debug|Any CPU
		Release|Any CPU = Release|Any CPU
	EndGlobalSection
	GlobalSection(ProjectConfigurationPlatforms) = postSolution
		{5E7AF90C-C674-4E40-AED2-96F601D22EE6}.Debug|Any CPU.ActiveCfg = Debug|Any CPU
		{5E7AF90C-C674-4E40-AED2-96F601D22EE6}.Debug|Any CPU.Build.0 = Debug|Any CPU
		{5E7AF90C-C674-4E40-AED2-96F601D22EE6}.Release|Any CPU.ActiveCfg = Release|Any CPU
		{5E7AF90C-C674-4E40-AED2-96F601D22EE6}.Release|Any CPU.Build.0 = Release|Any CPU
	EndGlobalSection
	GlobalSection(SolutionProperties) = preSolution
		HideSolutionNode = FALSE
	EndGlobalSection
	GlobalSection(ExtensibilityGlobals) = postSolution
		SolutionGuid = {0AC2AAED-5A67-4CE2-8257-FEE2BDBCE686}
	EndGlobalSection
EndGlobal
